// !$*UTF8*$!
{
	archiveVersion = 1;
	classes = {
	};
	objectVersion = 46;
	objects = {

/* Begin PBXBuildFile section */
		AA2BD3FF1F33BC7300687193 /* AppDelegate.swift in Sources */ = {isa = PBXBuildFile; fileRef = AA2BD3FE1F33BC7300687193 /* AppDelegate.swift */; };
		AA2BD4011F33BC7300687193 /* ViewController.swift in Sources */ = {isa = PBXBuildFile; fileRef = AA2BD4001F33BC7300687193 /* ViewController.swift */; };
		AA2BD4041F33BC7300687193 /* Main.storyboard in Resources */ = {isa = PBXBuildFile; fileRef = AA2BD4021F33BC7300687193 /* Main.storyboard */; };
		AA2BD4061F33BC7300687193 /* Assets.xcassets in Resources */ = {isa = PBXBuildFile; fileRef = AA2BD4051F33BC7300687193 /* Assets.xcassets */; };
		AA2BD4091F33BC7300687193 /* LaunchScreen.storyboard in Resources */ = {isa = PBXBuildFile; fileRef = AA2BD4071F33BC7300687193 /* LaunchScreen.storyboard */; };
/* End PBXBuildFile section */

/* Begin PBXFileReference section */
		AA2BD3FB1F33BC7300687193 /* Na Poprawe Nastroju.app */ = {isa = PBXFileReference; explicitFileType = wrapper.application; includeInIndex = 0; path = "Na Poprawe Nastroju.app"; sourceTree = BUILT_PRODUCTS_DIR; };
		AA2BD3FE1F33BC7300687193 /* AppDelegate.swift */ = {isa = PBXFileReference; lastKnownFileType = sourcecode.swift; path = AppDelegate.swift; sourceTree = "<group>"; };
		AA2BD4001F33BC7300687193 /* ViewController.swift */ = {isa = PBXFileReference; lastKnownFileType = sourcecode.swift; path = ViewController.swift; sourceTree = "<group>"; };
		AA2BD4031F33BC7300687193 /* Base */ = {isa = PBXFileReference; lastKnownFileType = file.storyboard; name = Base; path = Base.lproj/Main.storyboard; sourceTree = "<group>"; };
		AA2BD4051F33BC7300687193 /* Assets.xcassets */ = {isa = PBXFileReference; lastKnownFileType = folder.assetcatalog; path = Assets.xcassets; sourceTree = "<group>"; };
		AA2BD4081F33BC7300687193 /* Base */ = {isa = PBXFileReference; lastKnownFileType = file.storyboard; name = Base; path = Base.lproj/LaunchScreen.storyboard; sourceTree = "<group>"; };
		AA2BD40A1F33BC7300687193 /* Info.plist */ = {isa = PBXFileReference; lastKnownFileType = text.plist.xml; path = Info.plist; sourceTree = "<group>"; };
/* End PBXFileReference section */

/* Begin PBXFrameworksBuildPhase section */
		AA2BD3F81F33BC7300687193 /* Frameworks */ = {
			isa = PBXFrameworksBuildPhase;
			buildActionMask = 2147483647;
			files = (
			);
			runOnlyForDeploymentPostprocessing = 0;
		};
/* End PBXFrameworksBuildPhase section */

/* Begin PBXGroup section */
		AA2BD3F21F33BC7300687193 = {
			isa = PBXGroup;
			children = (
				AA2BD3FD1F33BC7300687193 /* Na Poprawe Nastroju */,
				AA2BD3FC1F33BC7300687193 /* Products */,
			);
			sourceTree = "<group>";
		};
		AA2BD3FC1F33BC7300687193 /* Products */ = {
			isa = PBXGroup;
			children = (
				AA2BD3FB1F33BC7300687193 /* Na Poprawe Nastroju.app */,
			);
			name = Products;
			sourceTree = "<group>";
		};
		AA2BD3FD1F33BC7300687193 /* Na Poprawe Nastroju */ = {
			isa = PBXGroup;
			children = (
				AA2BD3FE1F33BC7300687193 /* AppDelegate.swift */,
				AA2BD4001F33BC7300687193 /* ViewController.swift */,
				AA2BD4021F33BC7300687193 /* Main.storyboard */,
				AA2BD4051F33BC7300687193 /* Assets.xcassets */,
				AA2BD4071F33BC7300687193 /* LaunchScreen.storyboard */,
				AA2BD40A1F33BC7300687193 /* Info.plist */,
			);
			path = "Na Poprawe Nastroju";
			sourceTree = "<group>";
		};
/* End PBXGroup section */

/* Begin PBXNativeTarget section */
		AA2BD3FA1F33BC7300687193 /* Na Poprawe Nastroju */ = {
			isa = PBXNativeTarget;
			buildConfigurationList = AA2BD40D1F33BC7300687193 /* Build configuration list for PBXNativeTarget "Na Poprawe Nastroju" */;
			buildPhases = (
				AA2BD3F71F33BC7300687193 /* Sources */,
				AA2BD3F81F33BC7300687193 /* Frameworks */,
				AA2BD3F91F33BC7300687193 /* Resources */,
			);
			buildRules = (
			);
			dependencies = (
			);
			name = "Na Poprawe Nastroju";
			productName = "Na Poprawe Nastroju";
			productReference = AA2BD3FB1F33BC7300687193 /* Na Poprawe Nastroju.app */;
			productType = "com.apple.product-type.application";
		};
/* End PBXNativeTarget section */

/* Begin PBXProject section */
		AA2BD3F31F33BC7300687193 /* Project object */ = {
			isa = PBXProject;
			attributes = {
				LastSwiftUpdateCheck = 0830;
				LastUpgradeCheck = 0830;
				ORGANIZATIONNAME = "Seweryn Kotowski";
				TargetAttributes = {
					AA2BD3FA1F33BC7300687193 = {
						CreatedOnToolsVersion = 8.3.3;
						DevelopmentTeam = K9NVUGDZBA;
						ProvisioningStyle = Automatic;
					};
				};
			};
			buildConfigurationList = AA2BD3F61F33BC7300687193 /* Build configuration list for PBXProject "Na Poprawe Nastroju" */;
			compatibilityVersion = "Xcode 3.2";
			developmentRegion = English;
			hasScannedForEncodings = 0;
			knownRegions = (
				en,
				Base,
			);
			mainGroup = AA2BD3F21F33BC7300687193;
			productRefGroup = AA2BD3FC1F33BC7300687193 /* Products */;
			projectDirPath = "";
			projectRoot = "";
			targets = (
				AA2BD3FA1F33BC7300687193 /* Na Poprawe Nastroju */,
			);
		};
/* End PBXProject section */

/* Begin PBXResourcesBuildPhase section */
		AA2BD3F91F33BC7300687193 /* Resources */ = {
			isa = PBXResourcesBuildPhase;
			buildActionMask = 2147483647;
			files = (
				AA2BD4091F33BC7300687193 /* LaunchScreen.storyboard in Resources */,
				AA2BD4061F33BC7300687193 /* Assets.xcassets in Resources */,
				AA2BD4041F33BC7300687193 /* Main.storyboard in Resources */,
			);
			runOnlyForDeploymentPostprocessing = 0;
		};
/* End PBXResourcesBuildPhase section */

/* Begin PBXSourcesBuildPhase section */
		AA2BD3F71F33BC7300687193 /* Sources */ = {
			isa = PBXSourcesBuildPhase;
			buildActionMask = 2147483647;
			files = (
				AA2BD4011F33BC7300687193 /* ViewController.swift in Sources */,
				AA2BD3FF1F33BC7300687193 /* AppDelegate.swift in Sources */,
			);
			runOnlyForDeploymentPostprocessing = 0;
		};
/* End PBXSourcesBuildPhase section */

/* Begin PBXVariantGroup section */
		AA2BD4021F33BC7300687193 /* Main.storyboard */ = {
			isa = PBXVariantGroup;
			children = (
				AA2BD4031F33BC7300687193 /* Base */,
			);
			name = Main.storyboard;
			sourceTree = "<group>";
		};
		AA2BD4071F33BC7300687193 /* LaunchScreen.storyboard */ = {
			isa = PBXVariantGroup;
			children = (
				AA2BD4081F33BC7300687193 /* Base */,
			);
			name = LaunchScreen.storyboard;
			sourceTree = "<group>";
		};
/* End PBXVariantGroup section */

/* Begin XCBuildConfiguration section */
		AA2BD40B1F33BC7300687193 /* Debug */ = {
			isa = XCBuildConfiguration;
			buildSettings = {
				ALWAYS_SEARCH_USER_PATHS = NO;
				CLANG_ANALYZER_NONNULL = YES;
				CLANG_ANALYZER_NUMBER_OBJECT_CONVERSION = YES_AGGRESSIVE;
				CLANG_CXX_LANGUAGE_STANDARD = "gnu++0x";
				CLANG_CXX_LIBRARY = "libc++";
				CLANG_ENABLE_MODULES = YES;
				CLANG_ENABLE_OBJC_ARC = YES;
				CLANG_WARN_BOOL_CONVERSION = YES;
				CLANG_WARN_CONSTANT_CONVERSION = YES;
				CLANG_WARN_DIRECT_OBJC_ISA_USAGE = YES_ERROR;
				CLANG_WARN_DOCUMENTATION_COMMENTS = YES;
				CLANG_WARN_EMPTY_BODY = YES;
				CLANG_WARN_ENUM_CONVERSION = YES;
				CLANG_WARN_INFINITE_RECURSION = YES;
				CLANG_WARN_INT_CONVERSION = YES;
				CLANG_WARN_OBJC_ROOT_CLASS = YES_ERROR;
				CLANG_WARN_SUSPICIOUS_MOVE = YES;
				CLANG_WARN_UNREACHABLE_CODE = YES;
				CLANG_WARN__DUPLICATE_METHOD_MATCH = YES;
				"CODE_SIGN_IDENTITY[sdk=iphoneos*]" = "iPhone Developer";
				COPY_PHASE_STRIP = NO;
				DEBUG_INFORMATION_FORMAT = dwarf;
				ENABLE_STRICT_OBJC_MSGSEND = YES;
				ENABLE_TESTABILITY = YES;
				GCC_C_LANGUAGE_STANDARD = gnu99;
				GCC_DYNAMIC_NO_PIC = NO;
				GCC_NO_COMMON_BLOCKS = YES;
				GCC_OPTIMIZATION_LEVEL = 0;
				GCC_PREPROCESSOR_DEFINITIONS = (
					"DEBUG=1",
					"$(inherited)",
				);
				GCC_WARN_64_TO_32_BIT_CONVERSION = YES;
				GCC_WARN_ABOUT_RETURN_TYPE = YES_ERROR;
				GCC_WARN_UNDECLARED_SELECTOR = YES;
				GCC_WARN_UNINITIALIZED_AUTOS = YES_AGGRESSIVE;
				GCC_WARN_UNUSED_FUNCTION = YES;
				GCC_WARN_UNUSED_VARIABLE = YES;
				IPHONEOS_DEPLOYMENT_TARGET = 10.3;
				MTL_ENABLE_DEBUG_INFO = YES;
				ONLY_ACTIVE_ARCH = YES;
				SDKROOT = iphoneos;
				SWIFT_ACTIVE_COMPILATION_CONDITIONS = DEBUG;
				SWIFT_OPTIMIZATION_LEVEL = "-Onone";
			};
			name = Debug;
		};
		AA2BD40C1F33BC7300687193 /* Release */ = {
			isa = XCBuildConfiguration;
			buildSettings = {
				ALWAYS_SEARCH_USER_PATHS = NO;
				CLANG_ANALYZER_NONNULL = YES;
				CLANG_ANALYZER_NUMBER_OBJECT_CONVERSION = YES_AGGRESSIVE;
				CLANG_CXX_LANGUAGE_STANDARD = "gnu++0x";
				CLANG_CXX_LIBRARY = "libc++";
				CLANG_ENABLE_MODULES = YES;
				CLANG_ENABLE_OBJC_ARC = YES;
				CLANG_WARN_BOOL_CONVERSION = YES;
				CLANG_WARN_CONSTANT_CONVERSION = YES;
				CLANG_WARN_DIRECT_OBJC_ISA_USAGE = YES_ERROR;
				CLANG_WARN_DOCUMENTATION_COMMENTS = YES;
				CLANG_WARN_EMPTY_BODY = YES;
				CLANG_WARN_ENUM_CONVERSION = YES;
				CLANG_WARN_INFINITE_RECURSION = YES;
				CLANG_WARN_INT_CONVERSION = YES;
				CLANG_WARN_OBJC_ROOT_CLASS = YES_ERROR;
				CLANG_WARN_SUSPICIOUS_MOVE = YES;
				CLANG_WARN_UNREACHABLE_CODE = YES;
				CLANG_WARN__DUPLICATE_METHOD_MATCH = YES;
				"CODE_SIGN_IDENTITY[sdk=iphoneos*]" = "iPhone Developer";
				COPY_PHASE_STRIP = NO;
				DEBUG_INFORMATION_FORMAT = "dwarf-with-dsym";
				ENABLE_NS_ASSERTIONS = NO;
				ENABLE_STRICT_OBJC_MSGSEND = YES;
				GCC_C_LANGUAGE_STANDARD = gnu99;
				GCC_NO_COMMON_BLOCKS = YES;
				GCC_WARN_64_TO_32_BIT_CONVERSION = YES;
				GCC_WARN_ABOUT_RETURN_TYPE = YES_ERROR;
				GCC_WARN_UNDECLARED_SELECTOR = YES;
				GCC_WARN_UNINITIALIZED_AUTOS = YES_AGGRESSIVE;
				GCC_WARN_UNUSED_FUNCTION = YES;
				GCC_WARN_UNUSED_VARIABLE = YES;
				IPHONEOS_DEPLOYMENT_TARGET = 10.3;
				MTL_ENABLE_DEBUG_INFO = NO;
				SDKROOT = iphoneos;
				SWIFT_OPTIMIZATION_LEVEL = "-Owholemodule";
				VALIDATE_PRODUCT = YES;
			};
			name = Release;
		};
		AA2BD40E1F33BC7300687193 /* Debug */ = {
			isa = XCBuildConfiguration;
			buildSettings = {
				ASSETCATALOG_COMPILER_APPICON_NAME = AppIcon;
				DEVELOPMENT_TEAM = K9NVUGDZBA;
				INFOPLIST_FILE = "Na Poprawe Nastroju/Info.plist";
				IPHONEOS_DEPLOYMENT_TARGET = 10.0;
				LD_RUNPATH_SEARCH_PATHS = "$(inherited) @executable_path/Frameworks";
				PRODUCT_BUNDLE_IDENTIFIER = "Sewerynop.Na-Poprawe-Nastroju";
				PRODUCT_NAME = "$(TARGET_NAME)";
				SWIFT_VERSION = 3.0;
			};
			name = Debug;
		};
		AA2BD40F1F33BC7300687193 /* Release */ = {
			isa = XCBuildConfiguration;
			buildSettings = {
				ASSETCATALOG_COMPILER_APPICON_NAME = AppIcon;
				DEVELOPMENT_TEAM = K9NVUGDZBA;
				INFOPLIST_FILE = "Na Poprawe Nastroju/Info.plist";
				IPHONEOS_DEPLOYMENT_TARGET = 10.0;
				LD_RUNPATH_SEARCH_PATHS = "$(inherited) @executable_path/Frameworks";
				PRODUCT_BUNDLE_IDENTIFIER = "Sewerynop.Na-Poprawe-Nastroju";
				PRODUCT_NAME = "$(TARGET_NAME)";
				SWIFT_VERSION = 3.0;
			};
			name = Release;
		};
/* End XCBuildConfiguration section */

/* Begin XCConfigurationList section */
		AA2BD3F61F33BC7300687193 /* Build configuration list for PBXProject "Na Poprawe Nastroju" */ = {
			isa = XCConfigurationList;
			buildConfigurations = (
				AA2BD40B1F33BC7300687193 /* Debug */,
				AA2BD40C1F33BC7300687193 /* Release */,
			);
			defaultConfigurationIsVisible = 0;
			defaultConfigurationName = Release;
		};
		AA2BD40D1F33BC7300687193 /* Build configuration list for PBXNativeTarget "Na Poprawe Nastroju" */ = {
			isa = XCConfigurationList;
			buildConfigurations = (
				AA2BD40E1F33BC7300687193 /* Debug */,
				AA2BD40F1F33BC7300687193 /* Release */,
			);
			defaultConfigurationIsVisible = 0;
		};
/* End XCConfigurationList section */
	};
	rootObject = AA2BD3F31F33BC7300687193 /* Project object */;
}
